// !$*UTF8*$!
{
	archiveVersion = 1;
	classes = {
	};
	objectVersion = 46;
	objects = {

/* Begin PBXBuildFile section */
		FAF5CE771BE19C6E00C49EDE /* DiningStack.h in Headers */ = {isa = PBXBuildFile; fileRef = FAF5CE761BE19C6E00C49EDE /* DiningStack.h */; settings = {ATTRIBUTES = (Public, ); }; };
		FAF5CE7F1BE19CA600C49EDE /* DataManager.swift in Sources */ = {isa = PBXBuildFile; fileRef = FAF5CE7E1BE19CA600C49EDE /* DataManager.swift */; };
		FAF5CE831BE19CAD00C49EDE /* Eatery.swift in Sources */ = {isa = PBXBuildFile; fileRef = FAF5CE801BE19CAD00C49EDE /* Eatery.swift */; };
		FAF5CE841BE19CAD00C49EDE /* Event.swift in Sources */ = {isa = PBXBuildFile; fileRef = FAF5CE811BE19CAD00C49EDE /* Event.swift */; };
		FAF5CE851BE19CAD00C49EDE /* MenuItem.swift in Sources */ = {isa = PBXBuildFile; fileRef = FAF5CE821BE19CAD00C49EDE /* MenuItem.swift */; };
		FAF5CFDF1BE19E2900C49EDE /* Alamofire.framework in Frameworks */ = {isa = PBXBuildFile; fileRef = FAF5CFBA1BE19E0B00C49EDE /* Alamofire.framework */; };
		FAF5CFE01BE19E2C00C49EDE /* SwiftyJSON.framework in Frameworks */ = {isa = PBXBuildFile; fileRef = FAF5CFD21BE19E1D00C49EDE /* SwiftyJSON.framework */; };
		FAF5CFE11BE19E3600C49EDE /* Alamofire.framework in Copy Frameworks */ = {isa = PBXBuildFile; fileRef = FAF5CFBA1BE19E0B00C49EDE /* Alamofire.framework */; settings = {ATTRIBUTES = (CodeSignOnCopy, RemoveHeadersOnCopy, ); }; };
		FAF5CFE21BE19E3A00C49EDE /* SwiftyJSON.framework in Copy Frameworks */ = {isa = PBXBuildFile; fileRef = FAF5CFD21BE19E1D00C49EDE /* SwiftyJSON.framework */; settings = {ATTRIBUTES = (CodeSignOnCopy, RemoveHeadersOnCopy, ); }; };
		FAF5CFE41BE19EAE00C49EDE /* GeneralMenus.swift in Sources */ = {isa = PBXBuildFile; fileRef = FAF5CFE31BE19EAE00C49EDE /* GeneralMenus.swift */; };
		FAF5CFE61BE19F1500C49EDE /* hardcodedMenus.json in Resources */ = {isa = PBXBuildFile; fileRef = FAF5CFE51BE19F1500C49EDE /* hardcodedMenus.json */; };
		FAF5D01D1BE1A33A00C49EDE /* 104-West+logo.jpg in Resources */ = {isa = PBXBuildFile; fileRef = FAF5CFE81BE1A33A00C49EDE /* 104-West+logo.jpg */; };
		FAF5D01E1BE1A33A00C49EDE /* 104west.jpg in Resources */ = {isa = PBXBuildFile; fileRef = FAF5CFE91BE1A33A00C49EDE /* 104west.jpg */; };
		FAF5D01F1BE1A33A00C49EDE /* Amit-Bhatia-Libe-Cafe+logo.jpg in Resources */ = {isa = PBXBuildFile; fileRef = FAF5CFEA1BE1A33A00C49EDE /* Amit-Bhatia-Libe-Cafe+logo.jpg */; };
		FAF5D0201BE1A33A00C49EDE /* amit-bhatia-libe-cafe.jpg in Resources */ = {isa = PBXBuildFile; fileRef = FAF5CFEB1BE1A33A00C49EDE /* amit-bhatia-libe-cafe.jpg */; };
		FAF5D0211BE1A33A00C49EDE /* Atrium-Cafe+logo.jpg in Resources */ = {isa = PBXBuildFile; fileRef = FAF5CFEC1BE1A33A00C49EDE /* Atrium-Cafe+logo.jpg */; };
		FAF5D0221BE1A33A00C49EDE /* atrium-cafe.jpg in Resources */ = {isa = PBXBuildFile; fileRef = FAF5CFED1BE1A33A00C49EDE /* atrium-cafe.jpg */; };
		FAF5D0231BE1A33A00C49EDE /* Bear-Necessities+logo.jpg in Resources */ = {isa = PBXBuildFile; fileRef = FAF5CFEE1BE1A33A00C49EDE /* Bear-Necessities+logo.jpg */; };
		FAF5D0241BE1A33A00C49EDE /* bear-necessities.jpg in Resources */ = {isa = PBXBuildFile; fileRef = FAF5CFEF1BE1A33A00C49EDE /* bear-necessities.jpg */; };
		FAF5D0251BE1A33A00C49EDE /* Bears-Den+logo.jpg in Resources */ = {isa = PBXBuildFile; fileRef = FAF5CFF01BE1A33A00C49EDE /* Bears-Den+logo.jpg */; };
		FAF5D0261BE1A33A00C49EDE /* bears-den.jpg in Resources */ = {isa = PBXBuildFile; fileRef = FAF5CFF11BE1A33A00C49EDE /* bears-den.jpg */; };
		FAF5D0271BE1A33A00C49EDE /* Becker-House-Dining+logo.jpg in Resources */ = {isa = PBXBuildFile; fileRef = FAF5CFF21BE1A33A00C49EDE /* Becker-House-Dining+logo.jpg */; };
		FAF5D0281BE1A33A00C49EDE /* becker-house-dining.jpg in Resources */ = {isa = PBXBuildFile; fileRef = FAF5CFF31BE1A33A00C49EDE /* becker-house-dining.jpg */; };
		FAF5D0291BE1A33A00C49EDE /* Big-Red-Barn+logo.jpg in Resources */ = {isa = PBXBuildFile; fileRef = FAF5CFF41BE1A33A00C49EDE /* Big-Red-Barn+logo.jpg */; };
		FAF5D02A1BE1A33A00C49EDE /* big-red-barn.jpg in Resources */ = {isa = PBXBuildFile; fileRef = FAF5CFF51BE1A33A00C49EDE /* big-red-barn.jpg */; };
		FAF5D02B1BE1A33A00C49EDE /* Bug-Stop-Bagels+logo.jpg in Resources */ = {isa = PBXBuildFile; fileRef = FAF5CFF61BE1A33A00C49EDE /* Bug-Stop-Bagels+logo.jpg */; };
		FAF5D02C1BE1A33A00C49EDE /* Cafe-Jennie+logo.jpg in Resources */ = {isa = PBXBuildFile; fileRef = FAF5CFF71BE1A33A00C49EDE /* Cafe-Jennie+logo.jpg */; };
		FAF5D02D1BE1A33A00C49EDE /* cafe-jennie.jpg in Resources */ = {isa = PBXBuildFile; fileRef = FAF5CFF81BE1A33A00C49EDE /* cafe-jennie.jpg */; };
		FAF5D02E1BE1A33A00C49EDE /* Carols-Cafe+logo.jpg in Resources */ = {isa = PBXBuildFile; fileRef = FAF5CFF91BE1A33A00C49EDE /* Carols-Cafe+logo.jpg */; };
		FAF5D02F1BE1A33A00C49EDE /* carols-cafe.jpg in Resources */ = {isa = PBXBuildFile; fileRef = FAF5CFFA1BE1A33A00C49EDE /* carols-cafe.jpg */; };
		FAF5D0301BE1A33A00C49EDE /* Cascadeli+logo.jpg in Resources */ = {isa = PBXBuildFile; fileRef = FAF5CFFB1BE1A33A00C49EDE /* Cascadeli+logo.jpg */; };
		FAF5D0311BE1A33A00C49EDE /* cascadeli.jpg in Resources */ = {isa = PBXBuildFile; fileRef = FAF5CFFC1BE1A33A00C49EDE /* cascadeli.jpg */; };
		FAF5D0321BE1A33A00C49EDE /* Cook-House-Dining+logo.jpg in Resources */ = {isa = PBXBuildFile; fileRef = FAF5CFFD1BE1A33A00C49EDE /* Cook-House-Dining+logo.jpg */; };
		FAF5D0331BE1A33A00C49EDE /* cook-house-dining.jpg in Resources */ = {isa = PBXBuildFile; fileRef = FAF5CFFE1BE1A33A00C49EDE /* cook-house-dining.jpg */; };
		FAF5D0341BE1A33A00C49EDE /* Cornell-Dairy-Bar+logo.jpg in Resources */ = {isa = PBXBuildFile; fileRef = FAF5CFFF1BE1A33A00C49EDE /* Cornell-Dairy-Bar+logo.jpg */; };
		FAF5D0351BE1A33A00C49EDE /* cornell-dairy-bar.jpg in Resources */ = {isa = PBXBuildFile; fileRef = FAF5D0001BE1A33A00C49EDE /* cornell-dairy-bar.jpg */; };
		FAF5D0361BE1A33A00C49EDE /* Goldies-Cafe+logo.jpg in Resources */ = {isa = PBXBuildFile; fileRef = FAF5D0011BE1A33A00C49EDE /* Goldies-Cafe+logo.jpg */; };
		FAF5D0371BE1A33A00C49EDE /* Goldies-Cafe.jpg in Resources */ = {isa = PBXBuildFile; fileRef = FAF5D0021BE1A33A00C49EDE /* Goldies-Cafe.jpg */; };
		FAF5D0381BE1A33A00C49EDE /* Green-Dragon+logo.jpg in Resources */ = {isa = PBXBuildFile; fileRef = FAF5D0031BE1A33A00C49EDE /* Green-Dragon+logo.jpg */; };
		FAF5D0391BE1A33A00C49EDE /* green-dragon.jpg in Resources */ = {isa = PBXBuildFile; fileRef = FAF5D0041BE1A33A00C49EDE /* green-dragon.jpg */; };
		FAF5D03A1BE1A33A00C49EDE /* Ivy-Room+logo.jpg in Resources */ = {isa = PBXBuildFile; fileRef = FAF5D0051BE1A33A00C49EDE /* Ivy-Room+logo.jpg */; };
		FAF5D03B1BE1A33A00C49EDE /* Ivy-Room.jpg in Resources */ = {isa = PBXBuildFile; fileRef = FAF5D0061BE1A33A00C49EDE /* Ivy-Room.jpg */; };
		FAF5D03C1BE1A33A00C49EDE /* Janens-Dining+logo.jpg in Resources */ = {isa = PBXBuildFile; fileRef = FAF5D0071BE1A33A00C49EDE /* Janens-Dining+logo.jpg */; };
		FAF5D03D1BE1A33A00C49EDE /* jansens-dining.jpg in Resources */ = {isa = PBXBuildFile; fileRef = FAF5D0081BE1A33A00C49EDE /* jansens-dining.jpg */; };
		FAF5D03E1BE1A33A00C49EDE /* Keeton-House-Dining+logo.jpg in Resources */ = {isa = PBXBuildFile; fileRef = FAF5D0091BE1A33A00C49EDE /* Keeton-House-Dining+logo.jpg */; };
		FAF5D03F1BE1A33A00C49EDE /* keeton-house-dining.jpg in Resources */ = {isa = PBXBuildFile; fileRef = FAF5D00A1BE1A33A00C49EDE /* keeton-house-dining.jpg */; };
		FAF5D0401BE1A33A00C49EDE /* Marthas-Cafe+logo.jpg in Resources */ = {isa = PBXBuildFile; fileRef = FAF5D00B1BE1A33A00C49EDE /* Marthas-Cafe+logo.jpg */; };
		FAF5D0411BE1A33A00C49EDE /* marthas-cafe.jpg in Resources */ = {isa = PBXBuildFile; fileRef = FAF5D00C1BE1A33A00C49EDE /* marthas-cafe.jpg */; };
		FAF5D0421BE1A33A00C49EDE /* Mattins-Cafe+logo.jpg in Resources */ = {isa = PBXBuildFile; fileRef = FAF5D00D1BE1A33A00C49EDE /* Mattins-Cafe+logo.jpg */; };
		FAF5D0431BE1A33A00C49EDE /* mattins-cafe.jpg in Resources */ = {isa = PBXBuildFile; fileRef = FAF5D00E1BE1A33A00C49EDE /* mattins-cafe.jpg */; };
		FAF5D0441BE1A33A00C49EDE /* North-Star+logo.jpg in Resources */ = {isa = PBXBuildFile; fileRef = FAF5D00F1BE1A33A00C49EDE /* North-Star+logo.jpg */; };
		FAF5D0451BE1A33A00C49EDE /* Okenshields+logo.jpg in Resources */ = {isa = PBXBuildFile; fileRef = FAF5D0101BE1A33A00C49EDE /* Okenshields+logo.jpg */; };
		FAF5D0461BE1A33A00C49EDE /* Risley-Dining+logo.jpg in Resources */ = {isa = PBXBuildFile; fileRef = FAF5D0111BE1A33A00C49EDE /* Risley-Dining+logo.jpg */; };
		FAF5D0471BE1A33A00C49EDE /* risley-dining.jpg in Resources */ = {isa = PBXBuildFile; fileRef = FAF5D0121BE1A33A00C49EDE /* risley-dining.jpg */; };
		FAF5D0481BE1A33A00C49EDE /* Rose-House-Dining+logo.jpg in Resources */ = {isa = PBXBuildFile; fileRef = FAF5D0131BE1A33A00C49EDE /* Rose-House-Dining+logo.jpg */; };
		FAF5D0491BE1A33A00C49EDE /* rose-house-dining.jpg in Resources */ = {isa = PBXBuildFile; fileRef = FAF5D0141BE1A33A00C49EDE /* rose-house-dining.jpg */; };
		FAF5D04A1BE1A33A00C49EDE /* RPCC-Marketplace+logo.jpg in Resources */ = {isa = PBXBuildFile; fileRef = FAF5D0151BE1A33A00C49EDE /* RPCC-Marketplace+logo.jpg */; };
		FAF5D04B1BE1A33A00C49EDE /* rpcc-marketplace.jpg in Resources */ = {isa = PBXBuildFile; fileRef = FAF5D0161BE1A33A00C49EDE /* rpcc-marketplace.jpg */; };
		FAF5D04C1BE1A33A00C49EDE /* Rustys+logo.jpg in Resources */ = {isa = PBXBuildFile; fileRef = FAF5D0171BE1A33A00C49EDE /* Rustys+logo.jpg */; };
		FAF5D04D1BE1A33A00C49EDE /* rustys.jpg in Resources */ = {isa = PBXBuildFile; fileRef = FAF5D0181BE1A33A00C49EDE /* rustys.jpg */; };
		FAF5D04E1BE1A33A00C49EDE /* Synapsis-Cafe+logo.jpg in Resources */ = {isa = PBXBuildFile; fileRef = FAF5D0191BE1A33A00C49EDE /* Synapsis-Cafe+logo.jpg */; };
		FAF5D04F1BE1A33A00C49EDE /* synapsis-cafe.jpg in Resources */ = {isa = PBXBuildFile; fileRef = FAF5D01A1BE1A33A00C49EDE /* synapsis-cafe.jpg */; };
		FAF5D0501BE1A33A00C49EDE /* Trillium+logo.jpg in Resources */ = {isa = PBXBuildFile; fileRef = FAF5D01B1BE1A33A00C49EDE /* Trillium+logo.jpg */; };
		FAF5D0511BE1A33A00C49EDE /* trillium.jpg in Resources */ = {isa = PBXBuildFile; fileRef = FAF5D01C1BE1A33A00C49EDE /* trillium.jpg */; };
/* End PBXBuildFile section */

/* Begin PBXContainerItemProxy section */
		FAF5CFB91BE19E0B00C49EDE /* PBXContainerItemProxy */ = {
			isa = PBXContainerItemProxy;
			containerPortal = FAF5CFAF1BE19E0B00C49EDE /* Alamofire.xcodeproj */;
			proxyType = 2;
			remoteGlobalIDString = F8111E3319A95C8B0040E7D1;
			remoteInfo = "Alamofire iOS";
		};
		FAF5CFBB1BE19E0B00C49EDE /* PBXContainerItemProxy */ = {
			isa = PBXContainerItemProxy;
			containerPortal = FAF5CFAF1BE19E0B00C49EDE /* Alamofire.xcodeproj */;
			proxyType = 2;
			remoteGlobalIDString = F8111E3E19A95C8B0040E7D1;
			remoteInfo = "Alamofire iOS Tests";
		};
		FAF5CFBD1BE19E0B00C49EDE /* PBXContainerItemProxy */ = {
			isa = PBXContainerItemProxy;
			containerPortal = FAF5CFAF1BE19E0B00C49EDE /* Alamofire.xcodeproj */;
			proxyType = 2;
			remoteGlobalIDString = 4DD67C0B1A5C55C900ED2280;
			remoteInfo = "Alamofire OSX";
		};
		FAF5CFBF1BE19E0B00C49EDE /* PBXContainerItemProxy */ = {
			isa = PBXContainerItemProxy;
			containerPortal = FAF5CFAF1BE19E0B00C49EDE /* Alamofire.xcodeproj */;
			proxyType = 2;
			remoteGlobalIDString = F829C6B21A7A94F100A2CD59;
			remoteInfo = "Alamofire OSX Tests";
		};
		FAF5CFC11BE19E0B00C49EDE /* PBXContainerItemProxy */ = {
			isa = PBXContainerItemProxy;
			containerPortal = FAF5CFAF1BE19E0B00C49EDE /* Alamofire.xcodeproj */;
			proxyType = 2;
			remoteGlobalIDString = 4CF626EF1BA7CB3E0011A099;
			remoteInfo = "Alamofire tvOS";
		};
		FAF5CFC31BE19E0B00C49EDE /* PBXContainerItemProxy */ = {
			isa = PBXContainerItemProxy;
			containerPortal = FAF5CFAF1BE19E0B00C49EDE /* Alamofire.xcodeproj */;
			proxyType = 2;
			remoteGlobalIDString = 4CF626F81BA7CB3E0011A099;
			remoteInfo = "Alamofire tvOS Tests";
		};
		FAF5CFC51BE19E0B00C49EDE /* PBXContainerItemProxy */ = {
			isa = PBXContainerItemProxy;
			containerPortal = FAF5CFAF1BE19E0B00C49EDE /* Alamofire.xcodeproj */;
			proxyType = 2;
			remoteGlobalIDString = E4202FE01B667AA100C997FB;
			remoteInfo = "Alamofire watchOS";
		};
		FAF5CFD11BE19E1D00C49EDE /* PBXContainerItemProxy */ = {
			isa = PBXContainerItemProxy;
			containerPortal = FAF5CFC71BE19E1D00C49EDE /* SwiftyJSON.xcodeproj */;
			proxyType = 2;
			remoteGlobalIDString = 2E4FEFDB19575BE100351305;
			remoteInfo = "SwiftyJSON iOS";
		};
		FAF5CFD31BE19E1D00C49EDE /* PBXContainerItemProxy */ = {
			isa = PBXContainerItemProxy;
			containerPortal = FAF5CFC71BE19E1D00C49EDE /* SwiftyJSON.xcodeproj */;
			proxyType = 2;
			remoteGlobalIDString = 2E4FEFE619575BE100351305;
			remoteInfo = "SwiftyJSON iOS Tests";
		};
		FAF5CFD51BE19E1D00C49EDE /* PBXContainerItemProxy */ = {
			isa = PBXContainerItemProxy;
			containerPortal = FAF5CFC71BE19E1D00C49EDE /* SwiftyJSON.xcodeproj */;
			proxyType = 2;
			remoteGlobalIDString = 9C7DFC5B1A9102BD005AA3F7;
			remoteInfo = "SwiftyJSON OSX";
		};
		FAF5CFD71BE19E1D00C49EDE /* PBXContainerItemProxy */ = {
			isa = PBXContainerItemProxy;
			containerPortal = FAF5CFC71BE19E1D00C49EDE /* SwiftyJSON.xcodeproj */;
			proxyType = 2;
			remoteGlobalIDString = 9C7DFC651A9102BD005AA3F7;
			remoteInfo = "SwiftyJSON OSX Tests";
		};
		FAF5CFD91BE19E1D00C49EDE /* PBXContainerItemProxy */ = {
			isa = PBXContainerItemProxy;
			containerPortal = FAF5CFC71BE19E1D00C49EDE /* SwiftyJSON.xcodeproj */;
			proxyType = 2;
			remoteGlobalIDString = E4D7CCE81B9465A700EE7221;
			remoteInfo = "SwiftyJSON watchOS";
		};
		FAF5CFDB1BE19E1D00C49EDE /* PBXContainerItemProxy */ = {
			isa = PBXContainerItemProxy;
			containerPortal = FAF5CFC71BE19E1D00C49EDE /* SwiftyJSON.xcodeproj */;
			proxyType = 2;
			remoteGlobalIDString = 7236B4F61BAC14150020529B;
			remoteInfo = "SwiftyJSON tvOS";
		};
		FAF5CFDD1BE19E1D00C49EDE /* PBXContainerItemProxy */ = {
			isa = PBXContainerItemProxy;
			containerPortal = FAF5CFC71BE19E1D00C49EDE /* SwiftyJSON.xcodeproj */;
			proxyType = 2;
			remoteGlobalIDString = A8580F741BCF5C5B00DA927B;
			remoteInfo = "SwiftyJSON tvOS Tests";
		};
/* End PBXContainerItemProxy section */

/* Begin PBXCopyFilesBuildPhase section */
		FAF5CFAC1BE19DCE00C49EDE /* Copy Frameworks */ = {
			isa = PBXCopyFilesBuildPhase;
			buildActionMask = 2147483647;
			dstPath = "";
			dstSubfolderSpec = 10;
			files = (
				FAF5CFE11BE19E3600C49EDE /* Alamofire.framework in Copy Frameworks */,
				FAF5CFE21BE19E3A00C49EDE /* SwiftyJSON.framework in Copy Frameworks */,
			);
			name = "Copy Frameworks";
			runOnlyForDeploymentPostprocessing = 0;
		};
/* End PBXCopyFilesBuildPhase section */

/* Begin PBXFileReference section */
		FAF5CE731BE19C6E00C49EDE /* DiningStack.framework */ = {isa = PBXFileReference; explicitFileType = wrapper.framework; includeInIndex = 0; path = DiningStack.framework; sourceTree = BUILT_PRODUCTS_DIR; };
		FAF5CE761BE19C6E00C49EDE /* DiningStack.h */ = {isa = PBXFileReference; lastKnownFileType = sourcecode.c.h; path = DiningStack.h; sourceTree = "<group>"; };
		FAF5CE781BE19C6E00C49EDE /* Info.plist */ = {isa = PBXFileReference; lastKnownFileType = text.plist.xml; path = Info.plist; sourceTree = "<group>"; };
		FAF5CE7E1BE19CA600C49EDE /* DataManager.swift */ = {isa = PBXFileReference; fileEncoding = 4; lastKnownFileType = sourcecode.swift; path = DataManager.swift; sourceTree = "<group>"; };
		FAF5CE801BE19CAD00C49EDE /* Eatery.swift */ = {isa = PBXFileReference; fileEncoding = 4; lastKnownFileType = sourcecode.swift; path = Eatery.swift; sourceTree = "<group>"; };
		FAF5CE811BE19CAD00C49EDE /* Event.swift */ = {isa = PBXFileReference; fileEncoding = 4; lastKnownFileType = sourcecode.swift; path = Event.swift; sourceTree = "<group>"; };
		FAF5CE821BE19CAD00C49EDE /* MenuItem.swift */ = {isa = PBXFileReference; fileEncoding = 4; lastKnownFileType = sourcecode.swift; path = MenuItem.swift; sourceTree = "<group>"; };
		FAF5CFAF1BE19E0B00C49EDE /* Alamofire.xcodeproj */ = {isa = PBXFileReference; lastKnownFileType = "wrapper.pb-project"; name = Alamofire.xcodeproj; path = external/Alamofire/Alamofire.xcodeproj; sourceTree = "<group>"; };
		FAF5CFC71BE19E1D00C49EDE /* SwiftyJSON.xcodeproj */ = {isa = PBXFileReference; lastKnownFileType = "wrapper.pb-project"; name = SwiftyJSON.xcodeproj; path = external/SwiftyJSON/SwiftyJSON.xcodeproj; sourceTree = "<group>"; };
		FAF5CFE31BE19EAE00C49EDE /* GeneralMenus.swift */ = {isa = PBXFileReference; fileEncoding = 4; lastKnownFileType = sourcecode.swift; path = GeneralMenus.swift; sourceTree = "<group>"; };
		FAF5CFE51BE19F1500C49EDE /* hardcodedMenus.json */ = {isa = PBXFileReference; fileEncoding = 4; lastKnownFileType = text.json; path = hardcodedMenus.json; sourceTree = "<group>"; };
		FAF5CFE81BE1A33A00C49EDE /* 104-West+logo.jpg */ = {isa = PBXFileReference; lastKnownFileType = image.jpeg; path = "104-West+logo.jpg"; sourceTree = "<group>"; };
		FAF5CFE91BE1A33A00C49EDE /* 104west.jpg */ = {isa = PBXFileReference; lastKnownFileType = image.jpeg; path = 104west.jpg; sourceTree = "<group>"; };
		FAF5CFEA1BE1A33A00C49EDE /* Amit-Bhatia-Libe-Cafe+logo.jpg */ = {isa = PBXFileReference; lastKnownFileType = image.jpeg; path = "Amit-Bhatia-Libe-Cafe+logo.jpg"; sourceTree = "<group>"; };
		FAF5CFEB1BE1A33A00C49EDE /* amit-bhatia-libe-cafe.jpg */ = {isa = PBXFileReference; lastKnownFileType = image.jpeg; path = "amit-bhatia-libe-cafe.jpg"; sourceTree = "<group>"; };
		FAF5CFEC1BE1A33A00C49EDE /* Atrium-Cafe+logo.jpg */ = {isa = PBXFileReference; lastKnownFileType = image.jpeg; path = "Atrium-Cafe+logo.jpg"; sourceTree = "<group>"; };
		FAF5CFED1BE1A33A00C49EDE /* atrium-cafe.jpg */ = {isa = PBXFileReference; lastKnownFileType = image.jpeg; path = "atrium-cafe.jpg"; sourceTree = "<group>"; };
		FAF5CFEE1BE1A33A00C49EDE /* Bear-Necessities+logo.jpg */ = {isa = PBXFileReference; lastKnownFileType = image.jpeg; path = "Bear-Necessities+logo.jpg"; sourceTree = "<group>"; };
		FAF5CFEF1BE1A33A00C49EDE /* bear-necessities.jpg */ = {isa = PBXFileReference; lastKnownFileType = image.jpeg; path = "bear-necessities.jpg"; sourceTree = "<group>"; };
		FAF5CFF01BE1A33A00C49EDE /* Bears-Den+logo.jpg */ = {isa = PBXFileReference; lastKnownFileType = image.jpeg; path = "Bears-Den+logo.jpg"; sourceTree = "<group>"; };
		FAF5CFF11BE1A33A00C49EDE /* bears-den.jpg */ = {isa = PBXFileReference; lastKnownFileType = image.jpeg; path = "bears-den.jpg"; sourceTree = "<group>"; };
		FAF5CFF21BE1A33A00C49EDE /* Becker-House-Dining+logo.jpg */ = {isa = PBXFileReference; lastKnownFileType = image.jpeg; path = "Becker-House-Dining+logo.jpg"; sourceTree = "<group>"; };
		FAF5CFF31BE1A33A00C49EDE /* becker-house-dining.jpg */ = {isa = PBXFileReference; lastKnownFileType = image.jpeg; path = "becker-house-dining.jpg"; sourceTree = "<group>"; };
		FAF5CFF41BE1A33A00C49EDE /* Big-Red-Barn+logo.jpg */ = {isa = PBXFileReference; lastKnownFileType = image.jpeg; path = "Big-Red-Barn+logo.jpg"; sourceTree = "<group>"; };
		FAF5CFF51BE1A33A00C49EDE /* big-red-barn.jpg */ = {isa = PBXFileReference; lastKnownFileType = image.jpeg; path = "big-red-barn.jpg"; sourceTree = "<group>"; };
		FAF5CFF61BE1A33A00C49EDE /* Bug-Stop-Bagels+logo.jpg */ = {isa = PBXFileReference; lastKnownFileType = image.jpeg; path = "Bug-Stop-Bagels+logo.jpg"; sourceTree = "<group>"; };
		FAF5CFF71BE1A33A00C49EDE /* Cafe-Jennie+logo.jpg */ = {isa = PBXFileReference; lastKnownFileType = image.jpeg; path = "Cafe-Jennie+logo.jpg"; sourceTree = "<group>"; };
		FAF5CFF81BE1A33A00C49EDE /* cafe-jennie.jpg */ = {isa = PBXFileReference; lastKnownFileType = image.jpeg; path = "cafe-jennie.jpg"; sourceTree = "<group>"; };
		FAF5CFF91BE1A33A00C49EDE /* Carols-Cafe+logo.jpg */ = {isa = PBXFileReference; lastKnownFileType = image.jpeg; path = "Carols-Cafe+logo.jpg"; sourceTree = "<group>"; };
		FAF5CFFA1BE1A33A00C49EDE /* carols-cafe.jpg */ = {isa = PBXFileReference; lastKnownFileType = image.jpeg; path = "carols-cafe.jpg"; sourceTree = "<group>"; };
		FAF5CFFB1BE1A33A00C49EDE /* Cascadeli+logo.jpg */ = {isa = PBXFileReference; lastKnownFileType = image.jpeg; path = "Cascadeli+logo.jpg"; sourceTree = "<group>"; };
		FAF5CFFC1BE1A33A00C49EDE /* cascadeli.jpg */ = {isa = PBXFileReference; lastKnownFileType = image.jpeg; path = cascadeli.jpg; sourceTree = "<group>"; };
		FAF5CFFD1BE1A33A00C49EDE /* Cook-House-Dining+logo.jpg */ = {isa = PBXFileReference; lastKnownFileType = image.jpeg; path = "Cook-House-Dining+logo.jpg"; sourceTree = "<group>"; };
		FAF5CFFE1BE1A33A00C49EDE /* cook-house-dining.jpg */ = {isa = PBXFileReference; lastKnownFileType = image.jpeg; path = "cook-house-dining.jpg"; sourceTree = "<group>"; };
		FAF5CFFF1BE1A33A00C49EDE /* Cornell-Dairy-Bar+logo.jpg */ = {isa = PBXFileReference; lastKnownFileType = image.jpeg; path = "Cornell-Dairy-Bar+logo.jpg"; sourceTree = "<group>"; };
		FAF5D0001BE1A33A00C49EDE /* cornell-dairy-bar.jpg */ = {isa = PBXFileReference; lastKnownFileType = image.jpeg; path = "cornell-dairy-bar.jpg"; sourceTree = "<group>"; };
		FAF5D0011BE1A33A00C49EDE /* Goldies-Cafe+logo.jpg */ = {isa = PBXFileReference; lastKnownFileType = image.jpeg; path = "Goldies-Cafe+logo.jpg"; sourceTree = "<group>"; };
		FAF5D0021BE1A33A00C49EDE /* Goldies-Cafe.jpg */ = {isa = PBXFileReference; lastKnownFileType = image.jpeg; path = "Goldies-Cafe.jpg"; sourceTree = "<group>"; };
		FAF5D0031BE1A33A00C49EDE /* Green-Dragon+logo.jpg */ = {isa = PBXFileReference; lastKnownFileType = image.jpeg; path = "Green-Dragon+logo.jpg"; sourceTree = "<group>"; };
		FAF5D0041BE1A33A00C49EDE /* green-dragon.jpg */ = {isa = PBXFileReference; lastKnownFileType = image.jpeg; path = "green-dragon.jpg"; sourceTree = "<group>"; };
		FAF5D0051BE1A33A00C49EDE /* Ivy-Room+logo.jpg */ = {isa = PBXFileReference; lastKnownFileType = image.jpeg; path = "Ivy-Room+logo.jpg"; sourceTree = "<group>"; };
		FAF5D0061BE1A33A00C49EDE /* Ivy-Room.jpg */ = {isa = PBXFileReference; lastKnownFileType = image.jpeg; path = "Ivy-Room.jpg"; sourceTree = "<group>"; };
		FAF5D0071BE1A33A00C49EDE /* Janens-Dining+logo.jpg */ = {isa = PBXFileReference; lastKnownFileType = image.jpeg; path = "Janens-Dining+logo.jpg"; sourceTree = "<group>"; };
		FAF5D0081BE1A33A00C49EDE /* jansens-dining.jpg */ = {isa = PBXFileReference; lastKnownFileType = image.jpeg; path = "jansens-dining.jpg"; sourceTree = "<group>"; };
		FAF5D0091BE1A33A00C49EDE /* Keeton-House-Dining+logo.jpg */ = {isa = PBXFileReference; lastKnownFileType = image.jpeg; path = "Keeton-House-Dining+logo.jpg"; sourceTree = "<group>"; };
		FAF5D00A1BE1A33A00C49EDE /* keeton-house-dining.jpg */ = {isa = PBXFileReference; lastKnownFileType = image.jpeg; path = "keeton-house-dining.jpg"; sourceTree = "<group>"; };
		FAF5D00B1BE1A33A00C49EDE /* Marthas-Cafe+logo.jpg */ = {isa = PBXFileReference; lastKnownFileType = image.jpeg; path = "Marthas-Cafe+logo.jpg"; sourceTree = "<group>"; };
		FAF5D00C1BE1A33A00C49EDE /* marthas-cafe.jpg */ = {isa = PBXFileReference; lastKnownFileType = image.jpeg; path = "marthas-cafe.jpg"; sourceTree = "<group>"; };
		FAF5D00D1BE1A33A00C49EDE /* Mattins-Cafe+logo.jpg */ = {isa = PBXFileReference; lastKnownFileType = image.jpeg; path = "Mattins-Cafe+logo.jpg"; sourceTree = "<group>"; };
		FAF5D00E1BE1A33A00C49EDE /* mattins-cafe.jpg */ = {isa = PBXFileReference; lastKnownFileType = image.jpeg; path = "mattins-cafe.jpg"; sourceTree = "<group>"; };
		FAF5D00F1BE1A33A00C49EDE /* North-Star+logo.jpg */ = {isa = PBXFileReference; lastKnownFileType = image.jpeg; path = "North-Star+logo.jpg"; sourceTree = "<group>"; };
		FAF5D0101BE1A33A00C49EDE /* Okenshields+logo.jpg */ = {isa = PBXFileReference; lastKnownFileType = image.jpeg; path = "Okenshields+logo.jpg"; sourceTree = "<group>"; };
		FAF5D0111BE1A33A00C49EDE /* Risley-Dining+logo.jpg */ = {isa = PBXFileReference; lastKnownFileType = image.jpeg; path = "Risley-Dining+logo.jpg"; sourceTree = "<group>"; };
		FAF5D0121BE1A33A00C49EDE /* risley-dining.jpg */ = {isa = PBXFileReference; lastKnownFileType = image.jpeg; path = "risley-dining.jpg"; sourceTree = "<group>"; };
		FAF5D0131BE1A33A00C49EDE /* Rose-House-Dining+logo.jpg */ = {isa = PBXFileReference; lastKnownFileType = image.jpeg; path = "Rose-House-Dining+logo.jpg"; sourceTree = "<group>"; };
		FAF5D0141BE1A33A00C49EDE /* rose-house-dining.jpg */ = {isa = PBXFileReference; lastKnownFileType = image.jpeg; path = "rose-house-dining.jpg"; sourceTree = "<group>"; };
		FAF5D0151BE1A33A00C49EDE /* RPCC-Marketplace+logo.jpg */ = {isa = PBXFileReference; lastKnownFileType = image.jpeg; path = "RPCC-Marketplace+logo.jpg"; sourceTree = "<group>"; };
		FAF5D0161BE1A33A00C49EDE /* rpcc-marketplace.jpg */ = {isa = PBXFileReference; lastKnownFileType = image.jpeg; path = "rpcc-marketplace.jpg"; sourceTree = "<group>"; };
		FAF5D0171BE1A33A00C49EDE /* Rustys+logo.jpg */ = {isa = PBXFileReference; lastKnownFileType = image.jpeg; path = "Rustys+logo.jpg"; sourceTree = "<group>"; };
		FAF5D0181BE1A33A00C49EDE /* rustys.jpg */ = {isa = PBXFileReference; lastKnownFileType = image.jpeg; path = rustys.jpg; sourceTree = "<group>"; };
		FAF5D0191BE1A33A00C49EDE /* Synapsis-Cafe+logo.jpg */ = {isa = PBXFileReference; lastKnownFileType = image.jpeg; path = "Synapsis-Cafe+logo.jpg"; sourceTree = "<group>"; };
		FAF5D01A1BE1A33A00C49EDE /* synapsis-cafe.jpg */ = {isa = PBXFileReference; lastKnownFileType = image.jpeg; path = "synapsis-cafe.jpg"; sourceTree = "<group>"; };
		FAF5D01B1BE1A33A00C49EDE /* Trillium+logo.jpg */ = {isa = PBXFileReference; lastKnownFileType = image.jpeg; path = "Trillium+logo.jpg"; sourceTree = "<group>"; };
		FAF5D01C1BE1A33A00C49EDE /* trillium.jpg */ = {isa = PBXFileReference; lastKnownFileType = image.jpeg; path = trillium.jpg; sourceTree = "<group>"; };
/* End PBXFileReference section */

/* Begin PBXFrameworksBuildPhase section */
		FAF5CE6F1BE19C6E00C49EDE /* Frameworks */ = {
			isa = PBXFrameworksBuildPhase;
			buildActionMask = 2147483647;
			files = (
				FAF5CFE01BE19E2C00C49EDE /* SwiftyJSON.framework in Frameworks */,
				FAF5CFDF1BE19E2900C49EDE /* Alamofire.framework in Frameworks */,
			);
			runOnlyForDeploymentPostprocessing = 0;
		};
/* End PBXFrameworksBuildPhase section */

/* Begin PBXGroup section */
		FAF5CE691BE19C6E00C49EDE = {
			isa = PBXGroup;
			children = (
				FAF5CE751BE19C6E00C49EDE /* DiningStack */,
				FAF5CE741BE19C6E00C49EDE /* Products */,
			);
			sourceTree = "<group>";
		};
		FAF5CE741BE19C6E00C49EDE /* Products */ = {
			isa = PBXGroup;
			children = (
				FAF5CE731BE19C6E00C49EDE /* DiningStack.framework */,
			);
			name = Products;
			sourceTree = "<group>";
		};
		FAF5CE751BE19C6E00C49EDE /* DiningStack */ = {
			isa = PBXGroup;
			children = (
				FAF5CE7E1BE19CA600C49EDE /* DataManager.swift */,
				FAF5CFE31BE19EAE00C49EDE /* GeneralMenus.swift */,
				FAF5CE801BE19CAD00C49EDE /* Eatery.swift */,
				FAF5CE811BE19CAD00C49EDE /* Event.swift */,
				FAF5CE821BE19CAD00C49EDE /* MenuItem.swift */,
				FAF5CE761BE19C6E00C49EDE /* DiningStack.h */,
				FAF5CFE51BE19F1500C49EDE /* hardcodedMenus.json */,
				FAF5CFE71BE1A33A00C49EDE /* Eatery Images */,
				FAF5CFC71BE19E1D00C49EDE /* SwiftyJSON.xcodeproj */,
				FAF5CFAF1BE19E0B00C49EDE /* Alamofire.xcodeproj */,
				FAF5CE781BE19C6E00C49EDE /* Info.plist */,
			);
			path = DiningStack;
			sourceTree = "<group>";
		};
		FAF5CFB01BE19E0B00C49EDE /* Products */ = {
			isa = PBXGroup;
			children = (
				FAF5CFBA1BE19E0B00C49EDE /* Alamofire.framework */,
				FAF5CFBC1BE19E0B00C49EDE /* Alamofire iOS Tests.xctest */,
				FAF5CFBE1BE19E0B00C49EDE /* Alamofire.framework */,
				FAF5CFC01BE19E0B00C49EDE /* Alamofire OSX Tests.xctest */,
				FAF5CFC21BE19E0B00C49EDE /* Alamofire.framework */,
				FAF5CFC41BE19E0B00C49EDE /* Alamofire tvOS Tests.xctest */,
				FAF5CFC61BE19E0B00C49EDE /* Alamofire.framework */,
			);
			name = Products;
			sourceTree = "<group>";
		};
		FAF5CFC81BE19E1D00C49EDE /* Products */ = {
			isa = PBXGroup;
			children = (
				FAF5CFD21BE19E1D00C49EDE /* SwiftyJSON.framework */,
				FAF5CFD41BE19E1D00C49EDE /* SwiftyJSON iOS Tests.xctest */,
				FAF5CFD61BE19E1D00C49EDE /* SwiftyJSON.framework */,
				FAF5CFD81BE19E1D00C49EDE /* SwiftyJSON OSX Tests.xctest */,
				FAF5CFDA1BE19E1D00C49EDE /* SwiftyJSON.framework */,
				FAF5CFDC1BE19E1D00C49EDE /* SwiftyJSON.framework */,
				FAF5CFDE1BE19E1D00C49EDE /* SwiftyJSON tvOS Tests.xctest */,
			);
			name = Products;
			sourceTree = "<group>";
		};
		FAF5CFE71BE1A33A00C49EDE /* Eatery Images */ = {
			isa = PBXGroup;
			children = (
				FAF5CFE81BE1A33A00C49EDE /* 104-West+logo.jpg */,
				FAF5CFE91BE1A33A00C49EDE /* 104west.jpg */,
				FAF5CFEA1BE1A33A00C49EDE /* Amit-Bhatia-Libe-Cafe+logo.jpg */,
				FAF5CFEB1BE1A33A00C49EDE /* amit-bhatia-libe-cafe.jpg */,
				FAF5CFEC1BE1A33A00C49EDE /* Atrium-Cafe+logo.jpg */,
				FAF5CFED1BE1A33A00C49EDE /* atrium-cafe.jpg */,
				FAF5CFEE1BE1A33A00C49EDE /* Bear-Necessities+logo.jpg */,
				FAF5CFEF1BE1A33A00C49EDE /* bear-necessities.jpg */,
				FAF5CFF01BE1A33A00C49EDE /* Bears-Den+logo.jpg */,
				FAF5CFF11BE1A33A00C49EDE /* bears-den.jpg */,
				FAF5CFF21BE1A33A00C49EDE /* Becker-House-Dining+logo.jpg */,
				FAF5CFF31BE1A33A00C49EDE /* becker-house-dining.jpg */,
				FAF5CFF41BE1A33A00C49EDE /* Big-Red-Barn+logo.jpg */,
				FAF5CFF51BE1A33A00C49EDE /* big-red-barn.jpg */,
				FAF5CFF61BE1A33A00C49EDE /* Bug-Stop-Bagels+logo.jpg */,
				FAF5CFF71BE1A33A00C49EDE /* Cafe-Jennie+logo.jpg */,
				FAF5CFF81BE1A33A00C49EDE /* cafe-jennie.jpg */,
				FAF5CFF91BE1A33A00C49EDE /* Carols-Cafe+logo.jpg */,
				FAF5CFFA1BE1A33A00C49EDE /* carols-cafe.jpg */,
				FAF5CFFB1BE1A33A00C49EDE /* Cascadeli+logo.jpg */,
				FAF5CFFC1BE1A33A00C49EDE /* cascadeli.jpg */,
				FAF5CFFD1BE1A33A00C49EDE /* Cook-House-Dining+logo.jpg */,
				FAF5CFFE1BE1A33A00C49EDE /* cook-house-dining.jpg */,
				FAF5CFFF1BE1A33A00C49EDE /* Cornell-Dairy-Bar+logo.jpg */,
				FAF5D0001BE1A33A00C49EDE /* cornell-dairy-bar.jpg */,
				FAF5D0011BE1A33A00C49EDE /* Goldies-Cafe+logo.jpg */,
				FAF5D0021BE1A33A00C49EDE /* Goldies-Cafe.jpg */,
				FAF5D0031BE1A33A00C49EDE /* Green-Dragon+logo.jpg */,
				FAF5D0041BE1A33A00C49EDE /* green-dragon.jpg */,
				FAF5D0051BE1A33A00C49EDE /* Ivy-Room+logo.jpg */,
				FAF5D0061BE1A33A00C49EDE /* Ivy-Room.jpg */,
				FAF5D0071BE1A33A00C49EDE /* Janens-Dining+logo.jpg */,
				FAF5D0081BE1A33A00C49EDE /* jansens-dining.jpg */,
				FAF5D0091BE1A33A00C49EDE /* Keeton-House-Dining+logo.jpg */,
				FAF5D00A1BE1A33A00C49EDE /* keeton-house-dining.jpg */,
				FAF5D00B1BE1A33A00C49EDE /* Marthas-Cafe+logo.jpg */,
				FAF5D00C1BE1A33A00C49EDE /* marthas-cafe.jpg */,
				FAF5D00D1BE1A33A00C49EDE /* Mattins-Cafe+logo.jpg */,
				FAF5D00E1BE1A33A00C49EDE /* mattins-cafe.jpg */,
				FAF5D00F1BE1A33A00C49EDE /* North-Star+logo.jpg */,
				FAF5D0101BE1A33A00C49EDE /* Okenshields+logo.jpg */,
				FAF5D0111BE1A33A00C49EDE /* Risley-Dining+logo.jpg */,
				FAF5D0121BE1A33A00C49EDE /* risley-dining.jpg */,
				FAF5D0131BE1A33A00C49EDE /* Rose-House-Dining+logo.jpg */,
				FAF5D0141BE1A33A00C49EDE /* rose-house-dining.jpg */,
				FAF5D0151BE1A33A00C49EDE /* RPCC-Marketplace+logo.jpg */,
				FAF5D0161BE1A33A00C49EDE /* rpcc-marketplace.jpg */,
				FAF5D0171BE1A33A00C49EDE /* Rustys+logo.jpg */,
				FAF5D0181BE1A33A00C49EDE /* rustys.jpg */,
				FAF5D0191BE1A33A00C49EDE /* Synapsis-Cafe+logo.jpg */,
				FAF5D01A1BE1A33A00C49EDE /* synapsis-cafe.jpg */,
				FAF5D01B1BE1A33A00C49EDE /* Trillium+logo.jpg */,
				FAF5D01C1BE1A33A00C49EDE /* trillium.jpg */,
			);
			path = "Eatery Images";
			sourceTree = "<group>";
		};
/* End PBXGroup section */

/* Begin PBXHeadersBuildPhase section */
		FAF5CE701BE19C6E00C49EDE /* Headers */ = {
			isa = PBXHeadersBuildPhase;
			buildActionMask = 2147483647;
			files = (
				FAF5CE771BE19C6E00C49EDE /* DiningStack.h in Headers */,
			);
			runOnlyForDeploymentPostprocessing = 0;
		};
/* End PBXHeadersBuildPhase section */

/* Begin PBXNativeTarget section */
		FAF5CE721BE19C6E00C49EDE /* DiningStack */ = {
			isa = PBXNativeTarget;
			buildConfigurationList = FAF5CE7B1BE19C6E00C49EDE /* Build configuration list for PBXNativeTarget "DiningStack" */;
			buildPhases = (
				FAF5CE6E1BE19C6E00C49EDE /* Sources */,
				FAF5CE6F1BE19C6E00C49EDE /* Frameworks */,
				FAF5CE701BE19C6E00C49EDE /* Headers */,
				FAF5CE711BE19C6E00C49EDE /* Resources */,
				FAF5CFAC1BE19DCE00C49EDE /* Copy Frameworks */,
			);
			buildRules = (
			);
			dependencies = (
			);
			name = DiningStack;
			productName = DiningStack;
			productReference = FAF5CE731BE19C6E00C49EDE /* DiningStack.framework */;
			productType = "com.apple.product-type.framework";
		};
/* End PBXNativeTarget section */

/* Begin PBXProject section */
		FAF5CE6A1BE19C6E00C49EDE /* Project object */ = {
			isa = PBXProject;
			attributes = {
				LastUpgradeCheck = 0710;
				ORGANIZATIONNAME = "Cornell App Development";
				TargetAttributes = {
					FAF5CE721BE19C6E00C49EDE = {
						CreatedOnToolsVersion = 7.1;
					};
				};
			};
			buildConfigurationList = FAF5CE6D1BE19C6E00C49EDE /* Build configuration list for PBXProject "DiningStack" */;
			compatibilityVersion = "Xcode 3.2";
			developmentRegion = English;
			hasScannedForEncodings = 0;
			knownRegions = (
				en,
				Base,
			);
			mainGroup = FAF5CE691BE19C6E00C49EDE;
			productRefGroup = FAF5CE741BE19C6E00C49EDE /* Products */;
			projectDirPath = "";
			projectReferences = (
				{
					ProductGroup = FAF5CFB01BE19E0B00C49EDE /* Products */;
					ProjectRef = FAF5CFAF1BE19E0B00C49EDE /* Alamofire.xcodeproj */;
				},
				{
					ProductGroup = FAF5CFC81BE19E1D00C49EDE /* Products */;
					ProjectRef = FAF5CFC71BE19E1D00C49EDE /* SwiftyJSON.xcodeproj */;
				},
			);
			projectRoot = "";
			targets = (
				FAF5CE721BE19C6E00C49EDE /* DiningStack */,
			);
		};
/* End PBXProject section */

/* Begin PBXReferenceProxy section */
		FAF5CFBA1BE19E0B00C49EDE /* Alamofire.framework */ = {
			isa = PBXReferenceProxy;
			fileType = wrapper.framework;
			path = Alamofire.framework;
			remoteRef = FAF5CFB91BE19E0B00C49EDE /* PBXContainerItemProxy */;
			sourceTree = BUILT_PRODUCTS_DIR;
		};
		FAF5CFBC1BE19E0B00C49EDE /* Alamofire iOS Tests.xctest */ = {
			isa = PBXReferenceProxy;
			fileType = wrapper.cfbundle;
			path = "Alamofire iOS Tests.xctest";
			remoteRef = FAF5CFBB1BE19E0B00C49EDE /* PBXContainerItemProxy */;
			sourceTree = BUILT_PRODUCTS_DIR;
		};
		FAF5CFBE1BE19E0B00C49EDE /* Alamofire.framework */ = {
			isa = PBXReferenceProxy;
			fileType = wrapper.framework;
			path = Alamofire.framework;
			remoteRef = FAF5CFBD1BE19E0B00C49EDE /* PBXContainerItemProxy */;
			sourceTree = BUILT_PRODUCTS_DIR;
		};
		FAF5CFC01BE19E0B00C49EDE /* Alamofire OSX Tests.xctest */ = {
			isa = PBXReferenceProxy;
			fileType = wrapper.cfbundle;
			path = "Alamofire OSX Tests.xctest";
			remoteRef = FAF5CFBF1BE19E0B00C49EDE /* PBXContainerItemProxy */;
			sourceTree = BUILT_PRODUCTS_DIR;
		};
		FAF5CFC21BE19E0B00C49EDE /* Alamofire.framework */ = {
			isa = PBXReferenceProxy;
			fileType = wrapper.framework;
			path = Alamofire.framework;
			remoteRef = FAF5CFC11BE19E0B00C49EDE /* PBXContainerItemProxy */;
			sourceTree = BUILT_PRODUCTS_DIR;
		};
		FAF5CFC41BE19E0B00C49EDE /* Alamofire tvOS Tests.xctest */ = {
			isa = PBXReferenceProxy;
			fileType = wrapper.cfbundle;
			path = "Alamofire tvOS Tests.xctest";
			remoteRef = FAF5CFC31BE19E0B00C49EDE /* PBXContainerItemProxy */;
			sourceTree = BUILT_PRODUCTS_DIR;
		};
		FAF5CFC61BE19E0B00C49EDE /* Alamofire.framework */ = {
			isa = PBXReferenceProxy;
			fileType = wrapper.framework;
			path = Alamofire.framework;
			remoteRef = FAF5CFC51BE19E0B00C49EDE /* PBXContainerItemProxy */;
			sourceTree = BUILT_PRODUCTS_DIR;
		};
		FAF5CFD21BE19E1D00C49EDE /* SwiftyJSON.framework */ = {
			isa = PBXReferenceProxy;
			fileType = wrapper.framework;
			path = SwiftyJSON.framework;
			remoteRef = FAF5CFD11BE19E1D00C49EDE /* PBXContainerItemProxy */;
			sourceTree = BUILT_PRODUCTS_DIR;
		};
		FAF5CFD41BE19E1D00C49EDE /* SwiftyJSON iOS Tests.xctest */ = {
			isa = PBXReferenceProxy;
			fileType = wrapper.cfbundle;
			path = "SwiftyJSON iOS Tests.xctest";
			remoteRef = FAF5CFD31BE19E1D00C49EDE /* PBXContainerItemProxy */;
			sourceTree = BUILT_PRODUCTS_DIR;
		};
		FAF5CFD61BE19E1D00C49EDE /* SwiftyJSON.framework */ = {
			isa = PBXReferenceProxy;
			fileType = wrapper.framework;
			path = SwiftyJSON.framework;
			remoteRef = FAF5CFD51BE19E1D00C49EDE /* PBXContainerItemProxy */;
			sourceTree = BUILT_PRODUCTS_DIR;
		};
		FAF5CFD81BE19E1D00C49EDE /* SwiftyJSON OSX Tests.xctest */ = {
			isa = PBXReferenceProxy;
			fileType = wrapper.cfbundle;
			path = "SwiftyJSON OSX Tests.xctest";
			remoteRef = FAF5CFD71BE19E1D00C49EDE /* PBXContainerItemProxy */;
			sourceTree = BUILT_PRODUCTS_DIR;
		};
		FAF5CFDA1BE19E1D00C49EDE /* SwiftyJSON.framework */ = {
			isa = PBXReferenceProxy;
			fileType = wrapper.framework;
			path = SwiftyJSON.framework;
			remoteRef = FAF5CFD91BE19E1D00C49EDE /* PBXContainerItemProxy */;
			sourceTree = BUILT_PRODUCTS_DIR;
		};
		FAF5CFDC1BE19E1D00C49EDE /* SwiftyJSON.framework */ = {
			isa = PBXReferenceProxy;
			fileType = wrapper.framework;
			path = SwiftyJSON.framework;
			remoteRef = FAF5CFDB1BE19E1D00C49EDE /* PBXContainerItemProxy */;
			sourceTree = BUILT_PRODUCTS_DIR;
		};
		FAF5CFDE1BE19E1D00C49EDE /* SwiftyJSON tvOS Tests.xctest */ = {
			isa = PBXReferenceProxy;
			fileType = wrapper.cfbundle;
			path = "SwiftyJSON tvOS Tests.xctest";
			remoteRef = FAF5CFDD1BE19E1D00C49EDE /* PBXContainerItemProxy */;
			sourceTree = BUILT_PRODUCTS_DIR;
		};
/* End PBXReferenceProxy section */

/* Begin PBXResourcesBuildPhase section */
		FAF5CE711BE19C6E00C49EDE /* Resources */ = {
			isa = PBXResourcesBuildPhase;
			buildActionMask = 2147483647;
			files = (
				FAF5D0291BE1A33A00C49EDE /* Big-Red-Barn+logo.jpg in Resources */,
				FAF5D0341BE1A33A00C49EDE /* Cornell-Dairy-Bar+logo.jpg in Resources */,
				FAF5D0311BE1A33A00C49EDE /* cascadeli.jpg in Resources */,
				FAF5D0411BE1A33A00C49EDE /* marthas-cafe.jpg in Resources */,
				FAF5D04A1BE1A33A00C49EDE /* RPCC-Marketplace+logo.jpg in Resources */,
				FAF5D0511BE1A33A00C49EDE /* trillium.jpg in Resources */,
				FAF5D0281BE1A33A00C49EDE /* becker-house-dining.jpg in Resources */,
				FAF5D02F1BE1A33A00C49EDE /* carols-cafe.jpg in Resources */,
				FAF5D0501BE1A33A00C49EDE /* Trillium+logo.jpg in Resources */,
				FAF5D0241BE1A33A00C49EDE /* bear-necessities.jpg in Resources */,
				FAF5D04E1BE1A33A00C49EDE /* Synapsis-Cafe+logo.jpg in Resources */,
				FAF5D0201BE1A33A00C49EDE /* amit-bhatia-libe-cafe.jpg in Resources */,
				FAF5D0361BE1A33A00C49EDE /* Goldies-Cafe+logo.jpg in Resources */,
				FAF5D03E1BE1A33A00C49EDE /* Keeton-House-Dining+logo.jpg in Resources */,
				FAF5D0271BE1A33A00C49EDE /* Becker-House-Dining+logo.jpg in Resources */,
				FAF5D0481BE1A33A00C49EDE /* Rose-House-Dining+logo.jpg in Resources */,
				FAF5D03D1BE1A33A00C49EDE /* jansens-dining.jpg in Resources */,
				FAF5D0331BE1A33A00C49EDE /* cook-house-dining.jpg in Resources */,
				FAF5D0391BE1A33A00C49EDE /* green-dragon.jpg in Resources */,
				FAF5D0401BE1A33A00C49EDE /* Marthas-Cafe+logo.jpg in Resources */,
				FAF5D0491BE1A33A00C49EDE /* rose-house-dining.jpg in Resources */,
				FAF5D0421BE1A33A00C49EDE /* Mattins-Cafe+logo.jpg in Resources */,
				FAF5D0371BE1A33A00C49EDE /* Goldies-Cafe.jpg in Resources */,
				FAF5D02E1BE1A33A00C49EDE /* Carols-Cafe+logo.jpg in Resources */,
				FAF5D03A1BE1A33A00C49EDE /* Ivy-Room+logo.jpg in Resources */,
				FAF5D0431BE1A33A00C49EDE /* mattins-cafe.jpg in Resources */,
				FAF5CFE61BE19F1500C49EDE /* hardcodedMenus.json in Resources */,
				FAF5D0231BE1A33A00C49EDE /* Bear-Necessities+logo.jpg in Resources */,
				FAF5D03C1BE1A33A00C49EDE /* Janens-Dining+logo.jpg in Resources */,
				FAF5D0321BE1A33A00C49EDE /* Cook-House-Dining+logo.jpg in Resources */,
				FAF5D04D1BE1A33A00C49EDE /* rustys.jpg in Resources */,
				FAF5D04C1BE1A33A00C49EDE /* Rustys+logo.jpg in Resources */,
				FAF5D04F1BE1A33A00C49EDE /* synapsis-cafe.jpg in Resources */,
				FAF5D02D1BE1A33A00C49EDE /* cafe-jennie.jpg in Resources */,
				FAF5D0461BE1A33A00C49EDE /* Risley-Dining+logo.jpg in Resources */,
				FAF5D0441BE1A33A00C49EDE /* North-Star+logo.jpg in Resources */,
				FAF5D02A1BE1A33A00C49EDE /* big-red-barn.jpg in Resources */,
				FAF5D01E1BE1A33A00C49EDE /* 104west.jpg in Resources */,
				FAF5D02C1BE1A33A00C49EDE /* Cafe-Jennie+logo.jpg in Resources */,
				FAF5D04B1BE1A33A00C49EDE /* rpcc-marketplace.jpg in Resources */,
				FAF5D0471BE1A33A00C49EDE /* risley-dining.jpg in Resources */,
				FAF5D0211BE1A33A00C49EDE /* Atrium-Cafe+logo.jpg in Resources */,
				FAF5D0301BE1A33A00C49EDE /* Cascadeli+logo.jpg in Resources */,
				FAF5D0251BE1A33A00C49EDE /* Bears-Den+logo.jpg in Resources */,
				FAF5D0221BE1A33A00C49EDE /* atrium-cafe.jpg in Resources */,
				FAF5D0381BE1A33A00C49EDE /* Green-Dragon+logo.jpg in Resources */,
				FAF5D01D1BE1A33A00C49EDE /* 104-West+logo.jpg in Resources */,
				FAF5D0261BE1A33A00C49EDE /* bears-den.jpg in Resources */,
				FAF5D03F1BE1A33A00C49EDE /* keeton-house-dining.jpg in Resources */,
				FAF5D0351BE1A33A00C49EDE /* cornell-dairy-bar.jpg in Resources */,
				FAF5D03B1BE1A33A00C49EDE /* Ivy-Room.jpg in Resources */,
				FAF5D01F1BE1A33A00C49EDE /* Amit-Bhatia-Libe-Cafe+logo.jpg in Resources */,
				FAF5D0451BE1A33A00C49EDE /* Okenshields+logo.jpg in Resources */,
				FAF5D02B1BE1A33A00C49EDE /* Bug-Stop-Bagels+logo.jpg in Resources */,
			);
			runOnlyForDeploymentPostprocessing = 0;
		};
/* End PBXResourcesBuildPhase section */

/* Begin PBXSourcesBuildPhase section */
		FAF5CE6E1BE19C6E00C49EDE /* Sources */ = {
			isa = PBXSourcesBuildPhase;
			buildActionMask = 2147483647;
			files = (
				FAF5CFE41BE19EAE00C49EDE /* GeneralMenus.swift in Sources */,
				FAF5CE7F1BE19CA600C49EDE /* DataManager.swift in Sources */,
				FAF5CE851BE19CAD00C49EDE /* MenuItem.swift in Sources */,
				FAF5CE841BE19CAD00C49EDE /* Event.swift in Sources */,
				FAF5CE831BE19CAD00C49EDE /* Eatery.swift in Sources */,
			);
			runOnlyForDeploymentPostprocessing = 0;
		};
/* End PBXSourcesBuildPhase section */

/* Begin XCBuildConfiguration section */
		FAF5CE791BE19C6E00C49EDE /* Debug */ = {
			isa = XCBuildConfiguration;
			buildSettings = {
				ALWAYS_SEARCH_USER_PATHS = NO;
				CLANG_CXX_LANGUAGE_STANDARD = "gnu++0x";
				CLANG_CXX_LIBRARY = "libc++";
				CLANG_ENABLE_MODULES = YES;
				CLANG_ENABLE_OBJC_ARC = YES;
				CLANG_WARN_BOOL_CONVERSION = YES;
				CLANG_WARN_CONSTANT_CONVERSION = YES;
				CLANG_WARN_DIRECT_OBJC_ISA_USAGE = YES_ERROR;
				CLANG_WARN_EMPTY_BODY = YES;
				CLANG_WARN_ENUM_CONVERSION = YES;
				CLANG_WARN_INT_CONVERSION = YES;
				CLANG_WARN_OBJC_ROOT_CLASS = YES_ERROR;
				CLANG_WARN_UNREACHABLE_CODE = YES;
				CLANG_WARN__DUPLICATE_METHOD_MATCH = YES;
				"CODE_SIGN_IDENTITY[sdk=iphoneos*]" = "iPhone Developer";
				COPY_PHASE_STRIP = NO;
				CURRENT_PROJECT_VERSION = 1;
				DEBUG_INFORMATION_FORMAT = dwarf;
				ENABLE_STRICT_OBJC_MSGSEND = YES;
				ENABLE_TESTABILITY = YES;
				GCC_C_LANGUAGE_STANDARD = gnu99;
				GCC_DYNAMIC_NO_PIC = NO;
				GCC_NO_COMMON_BLOCKS = YES;
				GCC_OPTIMIZATION_LEVEL = 0;
				GCC_PREPROCESSOR_DEFINITIONS = (
					"DEBUG=1",
					"$(inherited)",
				);
				GCC_WARN_64_TO_32_BIT_CONVERSION = YES;
				GCC_WARN_ABOUT_RETURN_TYPE = YES_ERROR;
				GCC_WARN_UNDECLARED_SELECTOR = YES;
				GCC_WARN_UNINITIALIZED_AUTOS = YES_AGGRESSIVE;
				GCC_WARN_UNUSED_FUNCTION = YES;
				GCC_WARN_UNUSED_VARIABLE = YES;
				IPHONEOS_DEPLOYMENT_TARGET = 9.1;
				MTL_ENABLE_DEBUG_INFO = YES;
				ONLY_ACTIVE_ARCH = YES;
				SDKROOT = iphoneos;
				SWIFT_OPTIMIZATION_LEVEL = "-Onone";
				TARGETED_DEVICE_FAMILY = "1,2";
				VERSIONING_SYSTEM = "apple-generic";
				VERSION_INFO_PREFIX = "";
			};
			name = Debug;
		};
		FAF5CE7A1BE19C6E00C49EDE /* Release */ = {
			isa = XCBuildConfiguration;
			buildSettings = {
				ALWAYS_SEARCH_USER_PATHS = NO;
				CLANG_CXX_LANGUAGE_STANDARD = "gnu++0x";
				CLANG_CXX_LIBRARY = "libc++";
				CLANG_ENABLE_MODULES = YES;
				CLANG_ENABLE_OBJC_ARC = YES;
				CLANG_WARN_BOOL_CONVERSION = YES;
				CLANG_WARN_CONSTANT_CONVERSION = YES;
				CLANG_WARN_DIRECT_OBJC_ISA_USAGE = YES_ERROR;
				CLANG_WARN_EMPTY_BODY = YES;
				CLANG_WARN_ENUM_CONVERSION = YES;
				CLANG_WARN_INT_CONVERSION = YES;
				CLANG_WARN_OBJC_ROOT_CLASS = YES_ERROR;
				CLANG_WARN_UNREACHABLE_CODE = YES;
				CLANG_WARN__DUPLICATE_METHOD_MATCH = YES;
				"CODE_SIGN_IDENTITY[sdk=iphoneos*]" = "iPhone Developer";
				COPY_PHASE_STRIP = NO;
				CURRENT_PROJECT_VERSION = 1;
				DEBUG_INFORMATION_FORMAT = "dwarf-with-dsym";
				ENABLE_NS_ASSERTIONS = NO;
				ENABLE_STRICT_OBJC_MSGSEND = YES;
				GCC_C_LANGUAGE_STANDARD = gnu99;
				GCC_NO_COMMON_BLOCKS = YES;
				GCC_WARN_64_TO_32_BIT_CONVERSION = YES;
				GCC_WARN_ABOUT_RETURN_TYPE = YES_ERROR;
				GCC_WARN_UNDECLARED_SELECTOR = YES;
				GCC_WARN_UNINITIALIZED_AUTOS = YES_AGGRESSIVE;
				GCC_WARN_UNUSED_FUNCTION = YES;
				GCC_WARN_UNUSED_VARIABLE = YES;
				IPHONEOS_DEPLOYMENT_TARGET = 9.1;
				MTL_ENABLE_DEBUG_INFO = NO;
				SDKROOT = iphoneos;
				TARGETED_DEVICE_FAMILY = "1,2";
				VALIDATE_PRODUCT = YES;
				VERSIONING_SYSTEM = "apple-generic";
				VERSION_INFO_PREFIX = "";
			};
			name = Release;
		};
		FAF5CE7C1BE19C6E00C49EDE /* Debug */ = {
			isa = XCBuildConfiguration;
			buildSettings = {
				CLANG_ENABLE_MODULES = YES;
				DEFINES_MODULE = YES;
				DYLIB_COMPATIBILITY_VERSION = 1;
				DYLIB_CURRENT_VERSION = 1;
				DYLIB_INSTALL_NAME_BASE = "@rpath";
				INFOPLIST_FILE = DiningStack/Info.plist;
				INSTALL_PATH = "$(LOCAL_LIBRARY_DIR)/Frameworks";
				LD_RUNPATH_SEARCH_PATHS = "$(inherited) @executable_path/Frameworks @loader_path/Frameworks";
				PRODUCT_BUNDLE_IDENTIFIER = org.cuappdev.DiningStack;
				PRODUCT_NAME = "$(TARGET_NAME)";
				SKIP_INSTALL = YES;
				SWIFT_OPTIMIZATION_LEVEL = "-Onone";
			};
			name = Debug;
		};
		FAF5CE7D1BE19C6E00C49EDE /* Release */ = {
			isa = XCBuildConfiguration;
			buildSettings = {
				CLANG_ENABLE_MODULES = YES;
				DEFINES_MODULE = YES;
				DYLIB_COMPATIBILITY_VERSION = 1;
				DYLIB_CURRENT_VERSION = 1;
				DYLIB_INSTALL_NAME_BASE = "@rpath";
				INFOPLIST_FILE = DiningStack/Info.plist;
				INSTALL_PATH = "$(LOCAL_LIBRARY_DIR)/Frameworks";
				LD_RUNPATH_SEARCH_PATHS = "$(inherited) @executable_path/Frameworks @loader_path/Frameworks";
				PRODUCT_BUNDLE_IDENTIFIER = org.cuappdev.DiningStack;
				PRODUCT_NAME = "$(TARGET_NAME)";
				SKIP_INSTALL = YES;
			};
			name = Release;
		};
/* End XCBuildConfiguration section */

/* Begin XCConfigurationList section */
		FAF5CE6D1BE19C6E00C49EDE /* Build configuration list for PBXProject "DiningStack" */ = {
			isa = XCConfigurationList;
			buildConfigurations = (
				FAF5CE791BE19C6E00C49EDE /* Debug */,
				FAF5CE7A1BE19C6E00C49EDE /* Release */,
			);
			defaultConfigurationIsVisible = 0;
			defaultConfigurationName = Release;
		};
		FAF5CE7B1BE19C6E00C49EDE /* Build configuration list for PBXNativeTarget "DiningStack" */ = {
			isa = XCConfigurationList;
			buildConfigurations = (
				FAF5CE7C1BE19C6E00C49EDE /* Debug */,
				FAF5CE7D1BE19C6E00C49EDE /* Release */,
			);
			defaultConfigurationIsVisible = 0;
			defaultConfigurationName = Release;
		};
/* End XCConfigurationList section */
	};
	rootObject = FAF5CE6A1BE19C6E00C49EDE /* Project object */;
}
